
Microsoft Visual Studio Solution File, Format Version 12.00
# Visual Studio Version 17
VisualStudioVersion = 17.0.31903.59
MinimumVisualStudioVersion = 10.0.40219.1
Project("{2150E333-8FDC-42A3-9474-1A3956D46DE8}") = "src", "src", "{B18470E3-E7A4-4E65-9C11-9EFDCA89AF29}"
EndProject
Project("{FAE04EC0-301F-11D3-BF4B-00C04F79EFBC}") = "api", "src\api\api.csproj", "{FCE1D21B-75E8-4416-8C6E-CF3E2CCF6E03}"
EndProject
Global
	GlobalSection(SolutionConfigurationPlatforms) = preSolution
		Debug|Any CPU = Debug|Any CPU
		Release|Any CPU = Release|Any CPU
	EndGlobalSection
	GlobalSection(SolutionProperties) = preSolution
		HideSolutionNode = FALSE
	EndGlobalSection
	GlobalSection(ProjectConfigurationPlatforms) = postSolution
		{FCE1D21B-75E8-4416-8C6E-CF3E2CCF6E03}.Debug|Any CPU.ActiveCfg = Debug|Any CPU
		{FCE1D21B-75E8-4416-8C6E-CF3E2CCF6E03}.Debug|Any CPU.Build.0 = Debug|Any CPU
		{FCE1D21B-75E8-4416-8C6E-CF3E2CCF6E03}.Release|Any CPU.ActiveCfg = Release|Any CPU
		{FCE1D21B-75E8-4416-8C6E-CF3E2CCF6E03}.Release|Any CPU.Build.0 = Release|Any CPU
	EndGlobalSection
	GlobalSection(NestedProjects) = preSolution
		{FCE1D21B-75E8-4416-8C6E-CF3E2CCF6E03} = {B18470E3-E7A4-4E65-9C11-9EFDCA89AF29}
	EndGlobalSection
EndGlobal
